
Microsoft Visual Studio Solution File, Format Version 12.00
# Visual Studio 15
VisualStudioVersion = 15.0.27703.2042
MinimumVisualStudioVersion = 10.0.40219.1
Project("{FAE04EC0-301F-11D3-BF4B-00C04F79EFBC}") = "CG 2-3", "CG 2-3\CG 2-3.csproj", "{A1B79193-357E-4E01-AE27-F3C5AAB37664}"
EndProject
Global
	GlobalSection(SolutionConfigurationPlatforms) = preSolution
		Debug|Any CPU = Debug|Any CPU
		Release|Any CPU = Release|Any CPU
	EndGlobalSection
	GlobalSection(ProjectConfigurationPlatforms) = postSolution
		{A1B79193-357E-4E01-AE27-F3C5AAB37664}.Debug|Any CPU.ActiveCfg = Debug|Any CPU
		{A1B79193-357E-4E01-AE27-F3C5AAB37664}.Debug|Any CPU.Build.0 = Debug|Any CPU
		{A1B79193-357E-4E01-AE27-F3C5AAB37664}.Release|Any CPU.ActiveCfg = Release|Any CPU
		{A1B79193-357E-4E01-AE27-F3C5AAB37664}.Release|Any CPU.Build.0 = Release|Any CPU
	EndGlobalSection
	GlobalSection(SolutionProperties) = preSolution
		HideSolutionNode = FALSE
	EndGlobalSection
	GlobalSection(ExtensibilityGlobals) = postSolution
		SolutionGuid = {BEBCA769-5E12-4A26-972F-4FEA877A41D4}
	EndGlobalSection
EndGlobal
